
Microsoft Visual Studio Solution File, Format Version 12.00
# Visual Studio Version 16
VisualStudioVersion = 16.0.31613.86
MinimumVisualStudioVersion = 10.0.40219.1
Project("{FAE04EC0-301F-11D3-BF4B-00C04F79EFBC}") = "ReactAuthDemo.Web", "ReactAuthDemo.Web\ReactAuthDemo.Web.csproj", "{973D5CB7-39B9-4499-9161-BBA0E72BB73E}"
EndProject
Project("{FAE04EC0-301F-11D3-BF4B-00C04F79EFBC}") = "ReactAuthDemo.Data", "ReactAuthDemo.Data\ReactAuthDemo.Data.csproj", "{33955334-2E89-472C-9222-3DAF68DF8E30}"
EndProject
Global
	GlobalSection(SolutionConfigurationPlatforms) = preSolution
		Debug|Any CPU = Debug|Any CPU
		Release|Any CPU = Release|Any CPU
	EndGlobalSection
	GlobalSection(ProjectConfigurationPlatforms) = postSolution
		{973D5CB7-39B9-4499-9161-BBA0E72BB73E}.Debug|Any CPU.ActiveCfg = Debug|Any CPU
		{973D5CB7-39B9-4499-9161-BBA0E72BB73E}.Debug|Any CPU.Build.0 = Debug|Any CPU
		{973D5CB7-39B9-4499-9161-BBA0E72BB73E}.Release|Any CPU.ActiveCfg = Release|Any CPU
		{973D5CB7-39B9-4499-9161-BBA0E72BB73E}.Release|Any CPU.Build.0 = Release|Any CPU
		{33955334-2E89-472C-9222-3DAF68DF8E30}.Debug|Any CPU.ActiveCfg = Debug|Any CPU
		{33955334-2E89-472C-9222-3DAF68DF8E30}.Debug|Any CPU.Build.0 = Debug|Any CPU
		{33955334-2E89-472C-9222-3DAF68DF8E30}.Release|Any CPU.ActiveCfg = Release|Any CPU
		{33955334-2E89-472C-9222-3DAF68DF8E30}.Release|Any CPU.Build.0 = Release|Any CPU
	EndGlobalSection
	GlobalSection(SolutionProperties) = preSolution
		HideSolutionNode = FALSE
	EndGlobalSection
	GlobalSection(ExtensibilityGlobals) = postSolution
		SolutionGuid = {8BF2E9B3-8262-4600-9CC5-E9F652DE9A41}
	EndGlobalSection
EndGlobal
